
Microsoft Visual Studio Solution File, Format Version 12.00
# Visual Studio 14
VisualStudioVersion = 14.0.24720.0
MinimumVisualStudioVersion = 10.0.40219.1
Project("{FAE04EC0-301F-11D3-BF4B-00C04F79EFBC}") = "DisableDateTimeNow", "DisableDateTimeNow\DisableDateTimeNow\DisableDateTimeNow.csproj", "{EC129E24-F194-462B-8459-D63E34A34023}"
EndProject
Project("{FAE04EC0-301F-11D3-BF4B-00C04F79EFBC}") = "DisableDateTimeNow.Vsix", "DisableDateTimeNow\DisableDateTimeNow.Vsix\DisableDateTimeNow.Vsix.csproj", "{7DCF923F-6B6F-4475-8A55-715B8AEB7DDF}"
EndProject
Global
	GlobalSection(SolutionConfigurationPlatforms) = preSolution
		Debug|Any CPU = Debug|Any CPU
		Release|Any CPU = Release|Any CPU
	EndGlobalSection
	GlobalSection(ProjectConfigurationPlatforms) = postSolution
		{EC129E24-F194-462B-8459-D63E34A34023}.Debug|Any CPU.ActiveCfg = Debug|Any CPU
		{EC129E24-F194-462B-8459-D63E34A34023}.Debug|Any CPU.Build.0 = Debug|Any CPU
		{EC129E24-F194-462B-8459-D63E34A34023}.Release|Any CPU.ActiveCfg = Release|Any CPU
		{EC129E24-F194-462B-8459-D63E34A34023}.Release|Any CPU.Build.0 = Release|Any CPU
		{7DCF923F-6B6F-4475-8A55-715B8AEB7DDF}.Debug|Any CPU.ActiveCfg = Debug|Any CPU
		{7DCF923F-6B6F-4475-8A55-715B8AEB7DDF}.Debug|Any CPU.Build.0 = Debug|Any CPU
		{7DCF923F-6B6F-4475-8A55-715B8AEB7DDF}.Release|Any CPU.ActiveCfg = Release|Any CPU
		{7DCF923F-6B6F-4475-8A55-715B8AEB7DDF}.Release|Any CPU.Build.0 = Release|Any CPU
	EndGlobalSection
	GlobalSection(SolutionProperties) = preSolution
		HideSolutionNode = FALSE
	EndGlobalSection
EndGlobal
